
Microsoft Visual Studio Solution File, Format Version 12.00
# Visual Studio Version 16
VisualStudioVersion = 16.0.30114.105
MinimumVisualStudioVersion = 10.0.40219.1
Project("{FAE04EC0-301F-11D3-BF4B-00C04F79EFBC}") = "ac-console", "ac-console\ac-console.csproj", "{30E664A7-890F-4BA3-8BD1-8185D06EDD42}"
EndProject
Project("{FAE04EC0-301F-11D3-BF4B-00C04F79EFBC}") = "ac-test", "ac-test\ac-test.csproj", "{34F1DEF0-4668-4998-B5F7-CBEC689DD077}"
EndProject
Global
	GlobalSection(SolutionConfigurationPlatforms) = preSolution
		Debug|Any CPU = Debug|Any CPU
		Release|Any CPU = Release|Any CPU
	EndGlobalSection
	GlobalSection(SolutionProperties) = preSolution
		HideSolutionNode = FALSE
	EndGlobalSection
	GlobalSection(ProjectConfigurationPlatforms) = postSolution
		{30E664A7-890F-4BA3-8BD1-8185D06EDD42}.Debug|Any CPU.ActiveCfg = Debug|Any CPU
		{30E664A7-890F-4BA3-8BD1-8185D06EDD42}.Debug|Any CPU.Build.0 = Debug|Any CPU
		{30E664A7-890F-4BA3-8BD1-8185D06EDD42}.Release|Any CPU.ActiveCfg = Release|Any CPU
		{30E664A7-890F-4BA3-8BD1-8185D06EDD42}.Release|Any CPU.Build.0 = Release|Any CPU
		{34F1DEF0-4668-4998-B5F7-CBEC689DD077}.Debug|Any CPU.ActiveCfg = Debug|Any CPU
		{34F1DEF0-4668-4998-B5F7-CBEC689DD077}.Debug|Any CPU.Build.0 = Debug|Any CPU
		{34F1DEF0-4668-4998-B5F7-CBEC689DD077}.Release|Any CPU.ActiveCfg = Release|Any CPU
		{34F1DEF0-4668-4998-B5F7-CBEC689DD077}.Release|Any CPU.Build.0 = Release|Any CPU
	EndGlobalSection
EndGlobal
